// !$*UTF8*$!
{
	archiveVersion = 1;
	classes = {
	};
	objectVersion = 51;
	objects = {

/* Begin PBXBuildFile section */
		82046E40DC6BE6B57D39B31E /* Pods_multiple_select_table.framework in Frameworks */ = {isa = PBXBuildFile; fileRef = FE80845E351D6AF858631EFB /* Pods_multiple_select_table.framework */; };
		84415C98B7B5CB8F47B0E160 /* Pods_multiple_select_tableTests.framework in Frameworks */ = {isa = PBXBuildFile; fileRef = EFFD312E65BB10E448D42F72 /* Pods_multiple_select_tableTests.framework */; };
		8E149F48247A6F58004304F9 /* AppDelegate.swift in Sources */ = {isa = PBXBuildFile; fileRef = 8E149F47247A6F58004304F9 /* AppDelegate.swift */; };
		8E149F4A247A6F58004304F9 /* SceneDelegate.swift in Sources */ = {isa = PBXBuildFile; fileRef = 8E149F49247A6F58004304F9 /* SceneDelegate.swift */; };
		8E149F4C247A6F58004304F9 /* ViewController.swift in Sources */ = {isa = PBXBuildFile; fileRef = 8E149F4B247A6F58004304F9 /* ViewController.swift */; };
		8E149F51247A6F59004304F9 /* Assets.xcassets in Resources */ = {isa = PBXBuildFile; fileRef = 8E149F50247A6F59004304F9 /* Assets.xcassets */; };
		8E149F54247A6F59004304F9 /* LaunchScreen.storyboard in Resources */ = {isa = PBXBuildFile; fileRef = 8E149F52247A6F59004304F9 /* LaunchScreen.storyboard */; };
		8E149F5F247A6F59004304F9 /* multiple_select_tableTests.swift in Sources */ = {isa = PBXBuildFile; fileRef = 8E149F5E247A6F59004304F9 /* multiple_select_tableTests.swift */; };
		8E149F6A247A6F59004304F9 /* multiple_select_tableUITests.swift in Sources */ = {isa = PBXBuildFile; fileRef = 8E149F69247A6F59004304F9 /* multiple_select_tableUITests.swift */; };
		8E149F79247A7B14004304F9 /* ViewController.xib in Resources */ = {isa = PBXBuildFile; fileRef = 8E149F78247A7B14004304F9 /* ViewController.xib */; };
		8E149F7D247A9B65004304F9 /* MultipleTableView.swift in Sources */ = {isa = PBXBuildFile; fileRef = 8E149F7C247A9B65004304F9 /* MultipleTableView.swift */; };
		8E149F7F247A9B84004304F9 /* MultipleTableViewCell.xib in Resources */ = {isa = PBXBuildFile; fileRef = 8E149F7E247A9B84004304F9 /* MultipleTableViewCell.xib */; };
		8E149F81247A9B92004304F9 /* MultipleTableViewCell.swift in Sources */ = {isa = PBXBuildFile; fileRef = 8E149F80247A9B92004304F9 /* MultipleTableViewCell.swift */; };
		8E2822C6247C0AA300D657E9 /* R.generated.swift in Sources */ = {isa = PBXBuildFile; fileRef = 8E2822C5247C0AA300D657E9 /* R.generated.swift */; };
		8EB1CAAA247D418E004D48FB /* KindModel.swift in Sources */ = {isa = PBXBuildFile; fileRef = 8EB1CAA9247D418E004D48FB /* KindModel.swift */; };
		8EB1CAAD247D477D004D48FB /* MultipleTableViewModel.swift in Sources */ = {isa = PBXBuildFile; fileRef = 8EB1CAAC247D477D004D48FB /* MultipleTableViewModel.swift */; };
		A84AAA754029A6219222D0A5 /* Pods_multiple_select_tableUITests.framework in Frameworks */ = {isa = PBXBuildFile; fileRef = 1FABCC94B65F8CBF499B8CA6 /* Pods_multiple_select_tableUITests.framework */; };
/* End PBXBuildFile section */

/* Begin PBXContainerItemProxy section */
		8E149F5B247A6F59004304F9 /* PBXContainerItemProxy */ = {
			isa = PBXContainerItemProxy;
			containerPortal = 8E149F3C247A6F58004304F9 /* Project object */;
			proxyType = 1;
			remoteGlobalIDString = 8E149F43247A6F58004304F9;
			remoteInfo = "multiple-select-table";
		};
		8E149F66247A6F59004304F9 /* PBXContainerItemProxy */ = {
			isa = PBXContainerItemProxy;
			containerPortal = 8E149F3C247A6F58004304F9 /* Project object */;
			proxyType = 1;
			remoteGlobalIDString = 8E149F43247A6F58004304F9;
			remoteInfo = "multiple-select-table";
		};
/* End PBXContainerItemProxy section */

/* Begin PBXFileReference section */
		082758757B784D8CDBA0967B /* Pods-multiple-select-tableUITests.release.xcconfig */ = {isa = PBXFileReference; includeInIndex = 1; lastKnownFileType = text.xcconfig; name = "Pods-multiple-select-tableUITests.release.xcconfig"; path = "Target Support Files/Pods-multiple-select-tableUITests/Pods-multiple-select-tableUITests.release.xcconfig"; sourceTree = "<group>"; };
		16D0F54E84B7D9CF286F8F08 /* Pods-multiple-select-table.debug.xcconfig */ = {isa = PBXFileReference; includeInIndex = 1; lastKnownFileType = text.xcconfig; name = "Pods-multiple-select-table.debug.xcconfig"; path = "Target Support Files/Pods-multiple-select-table/Pods-multiple-select-table.debug.xcconfig"; sourceTree = "<group>"; };
		1FABCC94B65F8CBF499B8CA6 /* Pods_multiple_select_tableUITests.framework */ = {isa = PBXFileReference; explicitFileType = wrapper.framework; includeInIndex = 0; path = Pods_multiple_select_tableUITests.framework; sourceTree = BUILT_PRODUCTS_DIR; };
		29596B1262E11D0564665DE7 /* Pods-multiple-select-tableTests.debug.xcconfig */ = {isa = PBXFileReference; includeInIndex = 1; lastKnownFileType = text.xcconfig; name = "Pods-multiple-select-tableTests.debug.xcconfig"; path = "Target Support Files/Pods-multiple-select-tableTests/Pods-multiple-select-tableTests.debug.xcconfig"; sourceTree = "<group>"; };
		37D90F690CF996F1690BB5D8 /* Pods-multiple-select-tableTests.release.xcconfig */ = {isa = PBXFileReference; includeInIndex = 1; lastKnownFileType = text.xcconfig; name = "Pods-multiple-select-tableTests.release.xcconfig"; path = "Target Support Files/Pods-multiple-select-tableTests/Pods-multiple-select-tableTests.release.xcconfig"; sourceTree = "<group>"; };
		707109C5BF009D64FE1FA32F /* Pods-multiple-select-table.release.xcconfig */ = {isa = PBXFileReference; includeInIndex = 1; lastKnownFileType = text.xcconfig; name = "Pods-multiple-select-table.release.xcconfig"; path = "Target Support Files/Pods-multiple-select-table/Pods-multiple-select-table.release.xcconfig"; sourceTree = "<group>"; };
		75C0F7E027049188A779F099 /* Pods-multiple-select-tableUITests.debug.xcconfig */ = {isa = PBXFileReference; includeInIndex = 1; lastKnownFileType = text.xcconfig; name = "Pods-multiple-select-tableUITests.debug.xcconfig"; path = "Target Support Files/Pods-multiple-select-tableUITests/Pods-multiple-select-tableUITests.debug.xcconfig"; sourceTree = "<group>"; };
		8E149F44247A6F58004304F9 /* multiple-select-table.app */ = {isa = PBXFileReference; explicitFileType = wrapper.application; includeInIndex = 0; path = "multiple-select-table.app"; sourceTree = BUILT_PRODUCTS_DIR; };
		8E149F47247A6F58004304F9 /* AppDelegate.swift */ = {isa = PBXFileReference; lastKnownFileType = sourcecode.swift; path = AppDelegate.swift; sourceTree = "<group>"; };
		8E149F49247A6F58004304F9 /* SceneDelegate.swift */ = {isa = PBXFileReference; lastKnownFileType = sourcecode.swift; path = SceneDelegate.swift; sourceTree = "<group>"; };
		8E149F4B247A6F58004304F9 /* ViewController.swift */ = {isa = PBXFileReference; lastKnownFileType = sourcecode.swift; path = ViewController.swift; sourceTree = "<group>"; };
		8E149F50247A6F59004304F9 /* Assets.xcassets */ = {isa = PBXFileReference; lastKnownFileType = folder.assetcatalog; path = Assets.xcassets; sourceTree = "<group>"; };
		8E149F53247A6F59004304F9 /* Base */ = {isa = PBXFileReference; lastKnownFileType = file.storyboard; name = Base; path = Base.lproj/LaunchScreen.storyboard; sourceTree = "<group>"; };
		8E149F55247A6F59004304F9 /* Info.plist */ = {isa = PBXFileReference; lastKnownFileType = text.plist.xml; path = Info.plist; sourceTree = "<group>"; };
		8E149F5A247A6F59004304F9 /* multiple-select-tableTests.xctest */ = {isa = PBXFileReference; explicitFileType = wrapper.cfbundle; includeInIndex = 0; path = "multiple-select-tableTests.xctest"; sourceTree = BUILT_PRODUCTS_DIR; };
		8E149F5E247A6F59004304F9 /* multiple_select_tableTests.swift */ = {isa = PBXFileReference; lastKnownFileType = sourcecode.swift; path = multiple_select_tableTests.swift; sourceTree = "<group>"; };
		8E149F60247A6F59004304F9 /* Info.plist */ = {isa = PBXFileReference; lastKnownFileType = text.plist.xml; path = Info.plist; sourceTree = "<group>"; };
		8E149F65247A6F59004304F9 /* multiple-select-tableUITests.xctest */ = {isa = PBXFileReference; explicitFileType = wrapper.cfbundle; includeInIndex = 0; path = "multiple-select-tableUITests.xctest"; sourceTree = BUILT_PRODUCTS_DIR; };
		8E149F69247A6F59004304F9 /* multiple_select_tableUITests.swift */ = {isa = PBXFileReference; lastKnownFileType = sourcecode.swift; path = multiple_select_tableUITests.swift; sourceTree = "<group>"; };
		8E149F6B247A6F59004304F9 /* Info.plist */ = {isa = PBXFileReference; lastKnownFileType = text.plist.xml; path = Info.plist; sourceTree = "<group>"; };
		8E149F78247A7B14004304F9 /* ViewController.xib */ = {isa = PBXFileReference; lastKnownFileType = file.xib; path = ViewController.xib; sourceTree = "<group>"; };
		8E149F7C247A9B65004304F9 /* MultipleTableView.swift */ = {isa = PBXFileReference; lastKnownFileType = sourcecode.swift; path = MultipleTableView.swift; sourceTree = "<group>"; };
		8E149F7E247A9B84004304F9 /* MultipleTableViewCell.xib */ = {isa = PBXFileReference; lastKnownFileType = file.xib; path = MultipleTableViewCell.xib; sourceTree = "<group>"; };
		8E149F80247A9B92004304F9 /* MultipleTableViewCell.swift */ = {isa = PBXFileReference; lastKnownFileType = sourcecode.swift; path = MultipleTableViewCell.swift; sourceTree = "<group>"; };
		8E2822C5247C0AA300D657E9 /* R.generated.swift */ = {isa = PBXFileReference; fileEncoding = 4; lastKnownFileType = sourcecode.swift; name = R.generated.swift; path = "multiple-select-table/R.generated.swift"; sourceTree = SOURCE_ROOT; };
		8EB1CAA9247D418E004D48FB /* KindModel.swift */ = {isa = PBXFileReference; lastKnownFileType = sourcecode.swift; path = KindModel.swift; sourceTree = "<group>"; };
		8EB1CAAC247D477D004D48FB /* MultipleTableViewModel.swift */ = {isa = PBXFileReference; lastKnownFileType = sourcecode.swift; path = MultipleTableViewModel.swift; sourceTree = "<group>"; };
		EFFD312E65BB10E448D42F72 /* Pods_multiple_select_tableTests.framework */ = {isa = PBXFileReference; explicitFileType = wrapper.framework; includeInIndex = 0; path = Pods_multiple_select_tableTests.framework; sourceTree = BUILT_PRODUCTS_DIR; };
		FE80845E351D6AF858631EFB /* Pods_multiple_select_table.framework */ = {isa = PBXFileReference; explicitFileType = wrapper.framework; includeInIndex = 0; path = Pods_multiple_select_table.framework; sourceTree = BUILT_PRODUCTS_DIR; };
/* End PBXFileReference section */

/* Begin PBXFrameworksBuildPhase section */
		8E149F41247A6F58004304F9 /* Frameworks */ = {
			isa = PBXFrameworksBuildPhase;
			buildActionMask = 2147483647;
			files = (
				82046E40DC6BE6B57D39B31E /* Pods_multiple_select_table.framework in Frameworks */,
			);
			runOnlyForDeploymentPostprocessing = 0;
		};
		8E149F57247A6F59004304F9 /* Frameworks */ = {
			isa = PBXFrameworksBuildPhase;
			buildActionMask = 2147483647;
			files = (
				84415C98B7B5CB8F47B0E160 /* Pods_multiple_select_tableTests.framework in Frameworks */,
			);
			runOnlyForDeploymentPostprocessing = 0;
		};
		8E149F62247A6F59004304F9 /* Frameworks */ = {
			isa = PBXFrameworksBuildPhase;
			buildActionMask = 2147483647;
			files = (
				A84AAA754029A6219222D0A5 /* Pods_multiple_select_tableUITests.framework in Frameworks */,
			);
			runOnlyForDeploymentPostprocessing = 0;
		};
/* End PBXFrameworksBuildPhase section */

/* Begin PBXGroup section */
		8E149F3B247A6F58004304F9 = {
			isa = PBXGroup;
			children = (
				8E149F46247A6F58004304F9 /* multiple-select-table */,
				8E149F5D247A6F59004304F9 /* multiple-select-tableTests */,
				8E149F68247A6F59004304F9 /* multiple-select-tableUITests */,
				8E149F45247A6F58004304F9 /* Products */,
				C5CC115D0132F66AA1CD4614 /* Pods */,
				A4B094DF55357CCC90FC0973 /* Frameworks */,
			);
			sourceTree = "<group>";
		};
		8E149F45247A6F58004304F9 /* Products */ = {
			isa = PBXGroup;
			children = (
				8E149F44247A6F58004304F9 /* multiple-select-table.app */,
				8E149F5A247A6F59004304F9 /* multiple-select-tableTests.xctest */,
				8E149F65247A6F59004304F9 /* multiple-select-tableUITests.xctest */,
			);
			name = Products;
			sourceTree = "<group>";
		};
		8E149F46247A6F58004304F9 /* multiple-select-table */ = {
			isa = PBXGroup;
			children = (
				8E149F47247A6F58004304F9 /* AppDelegate.swift */,
				8E149F49247A6F58004304F9 /* SceneDelegate.swift */,
				8E149F7A247A7B4C004304F9 /* Screen */,
				8E149F77247A7A8E004304F9 /* Resouce */,
				8E149F55247A6F59004304F9 /* Info.plist */,
				8E2822C5247C0AA300D657E9 /* R.generated.swift */,
			);
			path = "multiple-select-table";
			sourceTree = "<group>";
		};
		8E149F5D247A6F59004304F9 /* multiple-select-tableTests */ = {
			isa = PBXGroup;
			children = (
				8E149F5E247A6F59004304F9 /* multiple_select_tableTests.swift */,
				8E149F60247A6F59004304F9 /* Info.plist */,
			);
			path = "multiple-select-tableTests";
			sourceTree = "<group>";
		};
		8E149F68247A6F59004304F9 /* multiple-select-tableUITests */ = {
			isa = PBXGroup;
			children = (
				8E149F69247A6F59004304F9 /* multiple_select_tableUITests.swift */,
				8E149F6B247A6F59004304F9 /* Info.plist */,
			);
			path = "multiple-select-tableUITests";
			sourceTree = "<group>";
		};
		8E149F77247A7A8E004304F9 /* Resouce */ = {
			isa = PBXGroup;
			children = (
				8E149F50247A6F59004304F9 /* Assets.xcassets */,
				8E149F52247A6F59004304F9 /* LaunchScreen.storyboard */,
			);
			path = Resouce;
			sourceTree = "<group>";
		};
		8E149F7A247A7B4C004304F9 /* Screen */ = {
			isa = PBXGroup;
			children = (
				8EB1CAAB247D4761004D48FB /* ViewModel */,
				8EB1CAA8247D3E97004D48FB /* Model */,
				8E149F7B247A95B8004304F9 /* View */,
				8E149F4B247A6F58004304F9 /* ViewController.swift */,
				8E149F78247A7B14004304F9 /* ViewController.xib */,
			);
			path = Screen;
			sourceTree = "<group>";
		};
		8E149F7B247A95B8004304F9 /* View */ = {
			isa = PBXGroup;
			children = (
				8E149F7C247A9B65004304F9 /* MultipleTableView.swift */,
				8E149F7E247A9B84004304F9 /* MultipleTableViewCell.xib */,
				8E149F80247A9B92004304F9 /* MultipleTableViewCell.swift */,
			);
			path = View;
			sourceTree = "<group>";
		};
		8EB1CAA8247D3E97004D48FB /* Model */ = {
			isa = PBXGroup;
			children = (
				8EB1CAA9247D418E004D48FB /* KindModel.swift */,
			);
			path = Model;
			sourceTree = "<group>";
		};
		8EB1CAAB247D4761004D48FB /* ViewModel */ = {
			isa = PBXGroup;
			children = (
				8EB1CAAC247D477D004D48FB /* MultipleTableViewModel.swift */,
			);
			path = ViewModel;
			sourceTree = "<group>";
		};
		A4B094DF55357CCC90FC0973 /* Frameworks */ = {
			isa = PBXGroup;
			children = (
				FE80845E351D6AF858631EFB /* Pods_multiple_select_table.framework */,
				EFFD312E65BB10E448D42F72 /* Pods_multiple_select_tableTests.framework */,
				1FABCC94B65F8CBF499B8CA6 /* Pods_multiple_select_tableUITests.framework */,
			);
			name = Frameworks;
			sourceTree = "<group>";
		};
		C5CC115D0132F66AA1CD4614 /* Pods */ = {
			isa = PBXGroup;
			children = (
				16D0F54E84B7D9CF286F8F08 /* Pods-multiple-select-table.debug.xcconfig */,
				707109C5BF009D64FE1FA32F /* Pods-multiple-select-table.release.xcconfig */,
				29596B1262E11D0564665DE7 /* Pods-multiple-select-tableTests.debug.xcconfig */,
				37D90F690CF996F1690BB5D8 /* Pods-multiple-select-tableTests.release.xcconfig */,
				75C0F7E027049188A779F099 /* Pods-multiple-select-tableUITests.debug.xcconfig */,
				082758757B784D8CDBA0967B /* Pods-multiple-select-tableUITests.release.xcconfig */,
			);
			path = Pods;
			sourceTree = "<group>";
		};
/* End PBXGroup section */

/* Begin PBXNativeTarget section */
		8E149F43247A6F58004304F9 /* multiple-select-table */ = {
			isa = PBXNativeTarget;
			buildConfigurationList = 8E149F6E247A6F59004304F9 /* Build configuration list for PBXNativeTarget "multiple-select-table" */;
			buildPhases = (
				97DEDECE69002646AAD2B6C6 /* [CP] Check Pods Manifest.lock */,
				8E2822C4247C0A1B00D657E9 /* ShellScript */,
				8E149F40247A6F58004304F9 /* Sources */,
				8E149F41247A6F58004304F9 /* Frameworks */,
				8E149F42247A6F58004304F9 /* Resources */,
				F6F45FD68E436C3BF2B888DF /* [CP] Embed Pods Frameworks */,
			);
			buildRules = (
			);
			dependencies = (
			);
			name = "multiple-select-table";
			productName = "multiple-select-table";
			productReference = 8E149F44247A6F58004304F9 /* multiple-select-table.app */;
			productType = "com.apple.product-type.application";
		};
		8E149F59247A6F59004304F9 /* multiple-select-tableTests */ = {
			isa = PBXNativeTarget;
			buildConfigurationList = 8E149F71247A6F59004304F9 /* Build configuration list for PBXNativeTarget "multiple-select-tableTests" */;
			buildPhases = (
				D43943D052279EECF6B8D3A9 /* [CP] Check Pods Manifest.lock */,
				8E149F56247A6F59004304F9 /* Sources */,
				8E149F57247A6F59004304F9 /* Frameworks */,
				8E149F58247A6F59004304F9 /* Resources */,
			);
			buildRules = (
			);
			dependencies = (
				8E149F5C247A6F59004304F9 /* PBXTargetDependency */,
			);
			name = "multiple-select-tableTests";
			productName = "multiple-select-tableTests";
			productReference = 8E149F5A247A6F59004304F9 /* multiple-select-tableTests.xctest */;
			productType = "com.apple.product-type.bundle.unit-test";
		};
		8E149F64247A6F59004304F9 /* multiple-select-tableUITests */ = {
			isa = PBXNativeTarget;
			buildConfigurationList = 8E149F74247A6F59004304F9 /* Build configuration list for PBXNativeTarget "multiple-select-tableUITests" */;
			buildPhases = (
				27492507D487609C75EC1649 /* [CP] Check Pods Manifest.lock */,
				8E149F61247A6F59004304F9 /* Sources */,
				8E149F62247A6F59004304F9 /* Frameworks */,
				8E149F63247A6F59004304F9 /* Resources */,
			);
			buildRules = (
			);
			dependencies = (
				8E149F67247A6F59004304F9 /* PBXTargetDependency */,
			);
			name = "multiple-select-tableUITests";
			productName = "multiple-select-tableUITests";
			productReference = 8E149F65247A6F59004304F9 /* multiple-select-tableUITests.xctest */;
			productType = "com.apple.product-type.bundle.ui-testing";
		};
/* End PBXNativeTarget section */

/* Begin PBXProject section */
		8E149F3C247A6F58004304F9 /* Project object */ = {
			isa = PBXProject;
			attributes = {
				LastSwiftUpdateCheck = 1150;
				LastUpgradeCheck = 1150;
				ORGANIZATIONNAME = nyapple;
				TargetAttributes = {
					8E149F43247A6F58004304F9 = {
						CreatedOnToolsVersion = 11.5;
					};
					8E149F59247A6F59004304F9 = {
						CreatedOnToolsVersion = 11.5;
						TestTargetID = 8E149F43247A6F58004304F9;
					};
					8E149F64247A6F59004304F9 = {
						CreatedOnToolsVersion = 11.5;
						TestTargetID = 8E149F43247A6F58004304F9;
					};
				};
			};
			buildConfigurationList = 8E149F3F247A6F58004304F9 /* Build configuration list for PBXProject "multiple-select-table" */;
			compatibilityVersion = "Xcode 9.3";
			developmentRegion = en;
			hasScannedForEncodings = 0;
			knownRegions = (
				en,
				Base,
			);
			mainGroup = 8E149F3B247A6F58004304F9;
			productRefGroup = 8E149F45247A6F58004304F9 /* Products */;
			projectDirPath = "";
			projectRoot = "";
			targets = (
				8E149F43247A6F58004304F9 /* multiple-select-table */,
				8E149F59247A6F59004304F9 /* multiple-select-tableTests */,
				8E149F64247A6F59004304F9 /* multiple-select-tableUITests */,
			);
		};
/* End PBXProject section */

/* Begin PBXResourcesBuildPhase section */
		8E149F42247A6F58004304F9 /* Resources */ = {
			isa = PBXResourcesBuildPhase;
			buildActionMask = 2147483647;
			files = (
				8E149F54247A6F59004304F9 /* LaunchScreen.storyboard in Resources */,
				8E149F7F247A9B84004304F9 /* MultipleTableViewCell.xib in Resources */,
				8E149F51247A6F59004304F9 /* Assets.xcassets in Resources */,
				8E149F79247A7B14004304F9 /* ViewController.xib in Resources */,
			);
			runOnlyForDeploymentPostprocessing = 0;
		};
		8E149F58247A6F59004304F9 /* Resources */ = {
			isa = PBXResourcesBuildPhase;
			buildActionMask = 2147483647;
			files = (
			);
			runOnlyForDeploymentPostprocessing = 0;
		};
		8E149F63247A6F59004304F9 /* Resources */ = {
			isa = PBXResourcesBuildPhase;
			buildActionMask = 2147483647;
			files = (
			);
			runOnlyForDeploymentPostprocessing = 0;
		};
/* End PBXResourcesBuildPhase section */

/* Begin PBXShellScriptBuildPhase section */
		27492507D487609C75EC1649 /* [CP] Check Pods Manifest.lock */ = {
			isa = PBXShellScriptBuildPhase;
			buildActionMask = 2147483647;
			files = (
			);
			inputFileListPaths = (
			);
			inputPaths = (
				"${PODS_PODFILE_DIR_PATH}/Podfile.lock",
				"${PODS_ROOT}/Manifest.lock",
			);
			name = "[CP] Check Pods Manifest.lock";
			outputFileListPaths = (
			);
			outputPaths = (
				"$(DERIVED_FILE_DIR)/Pods-multiple-select-tableUITests-checkManifestLockResult.txt",
			);
			runOnlyForDeploymentPostprocessing = 0;
			shellPath = /bin/sh;
			shellScript = "diff \"${PODS_PODFILE_DIR_PATH}/Podfile.lock\" \"${PODS_ROOT}/Manifest.lock\" > /dev/null\nif [ $? != 0 ] ; then\n    # print error to STDERR\n    echo \"error: The sandbox is not in sync with the Podfile.lock. Run 'pod install' or update your CocoaPods installation.\" >&2\n    exit 1\nfi\n# This output is used by Xcode 'outputs' to avoid re-running this script phase.\necho \"SUCCESS\" > \"${SCRIPT_OUTPUT_FILE_0}\"\n";
			showEnvVarsInLog = 0;
		};
		8E2822C4247C0A1B00D657E9 /* ShellScript */ = {
			isa = PBXShellScriptBuildPhase;
			buildActionMask = 2147483647;
			files = (
			);
			inputFileListPaths = (
			);
			inputPaths = (
				"$TEMP_DIR/rswift-lastrun",
			);
			outputFileListPaths = (
			);
			outputPaths = (
				$SRCROOT/R.generated.swift,
			);
			runOnlyForDeploymentPostprocessing = 0;
			shellPath = /bin/sh;
			shellScript = "# Type a script or drag a script file from your workspace to insert its path.\n\"$PODS_ROOT/R.swift/rswift\" generate \"$SRCROOT/R.generated.swift\"\n";
		};
		97DEDECE69002646AAD2B6C6 /* [CP] Check Pods Manifest.lock */ = {
			isa = PBXShellScriptBuildPhase;
			buildActionMask = 2147483647;
			files = (
			);
			inputFileListPaths = (
			);
			inputPaths = (
				"${PODS_PODFILE_DIR_PATH}/Podfile.lock",
				"${PODS_ROOT}/Manifest.lock",
			);
			name = "[CP] Check Pods Manifest.lock";
			outputFileListPaths = (
			);
			outputPaths = (
				"$(DERIVED_FILE_DIR)/Pods-multiple-select-table-checkManifestLockResult.txt",
			);
			runOnlyForDeploymentPostprocessing = 0;
			shellPath = /bin/sh;
			shellScript = "diff \"${PODS_PODFILE_DIR_PATH}/Podfile.lock\" \"${PODS_ROOT}/Manifest.lock\" > /dev/null\nif [ $? != 0 ] ; then\n    # print error to STDERR\n    echo \"error: The sandbox is not in sync with the Podfile.lock. Run 'pod install' or update your CocoaPods installation.\" >&2\n    exit 1\nfi\n# This output is used by Xcode 'outputs' to avoid re-running this script phase.\necho \"SUCCESS\" > \"${SCRIPT_OUTPUT_FILE_0}\"\n";
			showEnvVarsInLog = 0;
		};
		D43943D052279EECF6B8D3A9 /* [CP] Check Pods Manifest.lock */ = {
			isa = PBXShellScriptBuildPhase;
			buildActionMask = 2147483647;
			files = (
			);
			inputFileListPaths = (
			);
			inputPaths = (
				"${PODS_PODFILE_DIR_PATH}/Podfile.lock",
				"${PODS_ROOT}/Manifest.lock",
			);
			name = "[CP] Check Pods Manifest.lock";
			outputFileListPaths = (
			);
			outputPaths = (
				"$(DERIVED_FILE_DIR)/Pods-multiple-select-tableTests-checkManifestLockResult.txt",
			);
			runOnlyForDeploymentPostprocessing = 0;
			shellPath = /bin/sh;
			shellScript = "diff \"${PODS_PODFILE_DIR_PATH}/Podfile.lock\" \"${PODS_ROOT}/Manifest.lock\" > /dev/null\nif [ $? != 0 ] ; then\n    # print error to STDERR\n    echo \"error: The sandbox is not in sync with the Podfile.lock. Run 'pod install' or update your CocoaPods installation.\" >&2\n    exit 1\nfi\n# This output is used by Xcode 'outputs' to avoid re-running this script phase.\necho \"SUCCESS\" > \"${SCRIPT_OUTPUT_FILE_0}\"\n";
			showEnvVarsInLog = 0;
		};
		F6F45FD68E436C3BF2B888DF /* [CP] Embed Pods Frameworks */ = {
			isa = PBXShellScriptBuildPhase;
			buildActionMask = 2147483647;
			files = (
			);
			inputFileListPaths = (
				"${PODS_ROOT}/Target Support Files/Pods-multiple-select-table/Pods-multiple-select-table-frameworks-${CONFIGURATION}-input-files.xcfilelist",
			);
			name = "[CP] Embed Pods Frameworks";
			outputFileListPaths = (
				"${PODS_ROOT}/Target Support Files/Pods-multiple-select-table/Pods-multiple-select-table-frameworks-${CONFIGURATION}-output-files.xcfilelist",
			);
			runOnlyForDeploymentPostprocessing = 0;
			shellPath = /bin/sh;
			shellScript = "\"${PODS_ROOT}/Target Support Files/Pods-multiple-select-table/Pods-multiple-select-table-frameworks.sh\"\n";
			showEnvVarsInLog = 0;
		};
/* End PBXShellScriptBuildPhase section */

/* Begin PBXSourcesBuildPhase section */
		8E149F40247A6F58004304F9 /* Sources */ = {
			isa = PBXSourcesBuildPhase;
			buildActionMask = 2147483647;
			files = (
				8E149F4C247A6F58004304F9 /* ViewController.swift in Sources */,
				8EB1CAAA247D418E004D48FB /* KindModel.swift in Sources */,
				8E149F7D247A9B65004304F9 /* MultipleTableView.swift in Sources */,
				8E149F81247A9B92004304F9 /* MultipleTableViewCell.swift in Sources */,
				8E149F48247A6F58004304F9 /* AppDelegate.swift in Sources */,
				8E149F4A247A6F58004304F9 /* SceneDelegate.swift in Sources */,
				8E2822C6247C0AA300D657E9 /* R.generated.swift in Sources */,
				8EB1CAAD247D477D004D48FB /* MultipleTableViewModel.swift in Sources */,
			);
			runOnlyForDeploymentPostprocessing = 0;
		};
		8E149F56247A6F59004304F9 /* Sources */ = {
			isa = PBXSourcesBuildPhase;
			buildActionMask = 2147483647;
			files = (
				8E149F5F247A6F59004304F9 /* multiple_select_tableTests.swift in Sources */,
			);
			runOnlyForDeploymentPostprocessing = 0;
		};
		8E149F61247A6F59004304F9 /* Sources */ = {
			isa = PBXSourcesBuildPhase;
			buildActionMask = 2147483647;
			files = (
				8E149F6A247A6F59004304F9 /* multiple_select_tableUITests.swift in Sources */,
			);
			runOnlyForDeploymentPostprocessing = 0;
		};
/* End PBXSourcesBuildPhase section */

/* Begin PBXTargetDependency section */
		8E149F5C247A6F59004304F9 /* PBXTargetDependency */ = {
			isa = PBXTargetDependency;
			target = 8E149F43247A6F58004304F9 /* multiple-select-table */;
			targetProxy = 8E149F5B247A6F59004304F9 /* PBXContainerItemProxy */;
		};
		8E149F67247A6F59004304F9 /* PBXTargetDependency */ = {
			isa = PBXTargetDependency;
			target = 8E149F43247A6F58004304F9 /* multiple-select-table */;
			targetProxy = 8E149F66247A6F59004304F9 /* PBXContainerItemProxy */;
		};
/* End PBXTargetDependency section */

/* Begin PBXVariantGroup section */
		8E149F52247A6F59004304F9 /* LaunchScreen.storyboard */ = {
			isa = PBXVariantGroup;
			children = (
				8E149F53247A6F59004304F9 /* Base */,
			);
			name = LaunchScreen.storyboard;
			sourceTree = "<group>";
		};
/* End PBXVariantGroup section */

/* Begin XCBuildConfiguration section */
		8E149F6C247A6F59004304F9 /* Debug */ = {
			isa = XCBuildConfiguration;
			buildSettings = {
				ALWAYS_SEARCH_USER_PATHS = NO;
				CLANG_ANALYZER_NONNULL = YES;
				CLANG_ANALYZER_NUMBER_OBJECT_CONVERSION = YES_AGGRESSIVE;
				CLANG_CXX_LANGUAGE_STANDARD = "gnu++14";
				CLANG_CXX_LIBRARY = "libc++";
				CLANG_ENABLE_MODULES = YES;
				CLANG_ENABLE_OBJC_ARC = YES;
				CLANG_ENABLE_OBJC_WEAK = YES;
				CLANG_WARN_BLOCK_CAPTURE_AUTORELEASING = YES;
				CLANG_WARN_BOOL_CONVERSION = YES;
				CLANG_WARN_COMMA = YES;
				CLANG_WARN_CONSTANT_CONVERSION = YES;
				CLANG_WARN_DEPRECATED_OBJC_IMPLEMENTATIONS = YES;
				CLANG_WARN_DIRECT_OBJC_ISA_USAGE = YES_ERROR;
				CLANG_WARN_DOCUMENTATION_COMMENTS = YES;
				CLANG_WARN_EMPTY_BODY = YES;
				CLANG_WARN_ENUM_CONVERSION = YES;
				CLANG_WARN_INFINITE_RECURSION = YES;
				CLANG_WARN_INT_CONVERSION = YES;
				CLANG_WARN_NON_LITERAL_NULL_CONVERSION = YES;
				CLANG_WARN_OBJC_IMPLICIT_RETAIN_SELF = YES;
				CLANG_WARN_OBJC_LITERAL_CONVERSION = YES;
				CLANG_WARN_OBJC_ROOT_CLASS = YES_ERROR;
				CLANG_WARN_RANGE_LOOP_ANALYSIS = YES;
				CLANG_WARN_STRICT_PROTOTYPES = YES;
				CLANG_WARN_SUSPICIOUS_MOVE = YES;
				CLANG_WARN_UNGUARDED_AVAILABILITY = YES_AGGRESSIVE;
				CLANG_WARN_UNREACHABLE_CODE = YES;
				CLANG_WARN__DUPLICATE_METHOD_MATCH = YES;
				COPY_PHASE_STRIP = NO;
				DEBUG_INFORMATION_FORMAT = dwarf;
				ENABLE_STRICT_OBJC_MSGSEND = YES;
				ENABLE_TESTABILITY = YES;
				GCC_C_LANGUAGE_STANDARD = gnu11;
				GCC_DYNAMIC_NO_PIC = NO;
				GCC_NO_COMMON_BLOCKS = YES;
				GCC_OPTIMIZATION_LEVEL = 0;
				GCC_PREPROCESSOR_DEFINITIONS = (
					"DEBUG=1",
					"$(inherited)",
				);
				GCC_WARN_64_TO_32_BIT_CONVERSION = YES;
				GCC_WARN_ABOUT_RETURN_TYPE = YES_ERROR;
				GCC_WARN_UNDECLARED_SELECTOR = YES;
				GCC_WARN_UNINITIALIZED_AUTOS = YES_AGGRESSIVE;
				GCC_WARN_UNUSED_FUNCTION = YES;
				GCC_WARN_UNUSED_VARIABLE = YES;
				IPHONEOS_DEPLOYMENT_TARGET = 13.5;
				MTL_ENABLE_DEBUG_INFO = INCLUDE_SOURCE;
				MTL_FAST_MATH = YES;
				ONLY_ACTIVE_ARCH = YES;
				SDKROOT = iphoneos;
				SWIFT_ACTIVE_COMPILATION_CONDITIONS = DEBUG;
				SWIFT_OPTIMIZATION_LEVEL = "-Onone";
			};
			name = Debug;
		};
		8E149F6D247A6F59004304F9 /* Release */ = {
			isa = XCBuildConfiguration;
			buildSettings = {
				ALWAYS_SEARCH_USER_PATHS = NO;
				CLANG_ANALYZER_NONNULL = YES;
				CLANG_ANALYZER_NUMBER_OBJECT_CONVERSION = YES_AGGRESSIVE;
				CLANG_CXX_LANGUAGE_STANDARD = "gnu++14";
				CLANG_CXX_LIBRARY = "libc++";
				CLANG_ENABLE_MODULES = YES;
				CLANG_ENABLE_OBJC_ARC = YES;
				CLANG_ENABLE_OBJC_WEAK = YES;
				CLANG_WARN_BLOCK_CAPTURE_AUTORELEASING = YES;
				CLANG_WARN_BOOL_CONVERSION = YES;
				CLANG_WARN_COMMA = YES;
				CLANG_WARN_CONSTANT_CONVERSION = YES;
				CLANG_WARN_DEPRECATED_OBJC_IMPLEMENTATIONS = YES;
				CLANG_WARN_DIRECT_OBJC_ISA_USAGE = YES_ERROR;
				CLANG_WARN_DOCUMENTATION_COMMENTS = YES;
				CLANG_WARN_EMPTY_BODY = YES;
				CLANG_WARN_ENUM_CONVERSION = YES;
				CLANG_WARN_INFINITE_RECURSION = YES;
				CLANG_WARN_INT_CONVERSION = YES;
				CLANG_WARN_NON_LITERAL_NULL_CONVERSION = YES;
				CLANG_WARN_OBJC_IMPLICIT_RETAIN_SELF = YES;
				CLANG_WARN_OBJC_LITERAL_CONVERSION = YES;
				CLANG_WARN_OBJC_ROOT_CLASS = YES_ERROR;
				CLANG_WARN_RANGE_LOOP_ANALYSIS = YES;
				CLANG_WARN_STRICT_PROTOTYPES = YES;
				CLANG_WARN_SUSPICIOUS_MOVE = YES;
				CLANG_WARN_UNGUARDED_AVAILABILITY = YES_AGGRESSIVE;
				CLANG_WARN_UNREACHABLE_CODE = YES;
				CLANG_WARN__DUPLICATE_METHOD_MATCH = YES;
				COPY_PHASE_STRIP = NO;
				DEBUG_INFORMATION_FORMAT = "dwarf-with-dsym";
				ENABLE_NS_ASSERTIONS = NO;
				ENABLE_STRICT_OBJC_MSGSEND = YES;
				GCC_C_LANGUAGE_STANDARD = gnu11;
				GCC_NO_COMMON_BLOCKS = YES;
				GCC_WARN_64_TO_32_BIT_CONVERSION = YES;
				GCC_WARN_ABOUT_RETURN_TYPE = YES_ERROR;
				GCC_WARN_UNDECLARED_SELECTOR = YES;
				GCC_WARN_UNINITIALIZED_AUTOS = YES_AGGRESSIVE;
				GCC_WARN_UNUSED_FUNCTION = YES;
				GCC_WARN_UNUSED_VARIABLE = YES;
				IPHONEOS_DEPLOYMENT_TARGET = 13.5;
				MTL_ENABLE_DEBUG_INFO = NO;
				MTL_FAST_MATH = YES;
				SDKROOT = iphoneos;
				SWIFT_COMPILATION_MODE = wholemodule;
				SWIFT_OPTIMIZATION_LEVEL = "-O";
				VALIDATE_PRODUCT = YES;
			};
			name = Release;
		};
		8E149F6F247A6F59004304F9 /* Debug */ = {
			isa = XCBuildConfiguration;
			baseConfigurationReference = 16D0F54E84B7D9CF286F8F08 /* Pods-multiple-select-table.debug.xcconfig */;
			buildSettings = {
				ASSETCATALOG_COMPILER_APPICON_NAME = AppIcon;
				CODE_SIGN_STYLE = Automatic;
				DEVELOPMENT_TEAM = PCD3PPCG62;
				INFOPLIST_FILE = "multiple-select-table/Info.plist";
				LD_RUNPATH_SEARCH_PATHS = (
					"$(inherited)",
					"@executable_path/Frameworks",
				);
				PRODUCT_BUNDLE_IDENTIFIER = "com.nyapple.multiple-select-table";
				PRODUCT_NAME = "$(TARGET_NAME)";
				SWIFT_VERSION = 5.0;
				TARGETED_DEVICE_FAMILY = "1,2";
			};
			name = Debug;
		};
		8E149F70247A6F59004304F9 /* Release */ = {
			isa = XCBuildConfiguration;
			baseConfigurationReference = 707109C5BF009D64FE1FA32F /* Pods-multiple-select-table.release.xcconfig */;
			buildSettings = {
				ASSETCATALOG_COMPILER_APPICON_NAME = AppIcon;
				CODE_SIGN_STYLE = Automatic;
				DEVELOPMENT_TEAM = PCD3PPCG62;
				INFOPLIST_FILE = "multiple-select-table/Info.plist";
				LD_RUNPATH_SEARCH_PATHS = (
					"$(inherited)",
					"@executable_path/Frameworks",
				);
				PRODUCT_BUNDLE_IDENTIFIER = "com.nyapple.multiple-select-table";
				PRODUCT_NAME = "$(TARGET_NAME)";
				SWIFT_VERSION = 5.0;
				TARGETED_DEVICE_FAMILY = "1,2";
			};
			name = Release;
		};
		8E149F72247A6F59004304F9 /* Debug */ = {
			isa = XCBuildConfiguration;
			baseConfigurationReference = 29596B1262E11D0564665DE7 /* Pods-multiple-select-tableTests.debug.xcconfig */;
			buildSettings = {
				ALWAYS_EMBED_SWIFT_STANDARD_LIBRARIES = YES;
				BUNDLE_LOADER = "$(TEST_HOST)";
				CODE_SIGN_STYLE = Automatic;
				DEVELOPMENT_TEAM = PCD3PPCG62;
				INFOPLIST_FILE = "multiple-select-tableTests/Info.plist";
				IPHONEOS_DEPLOYMENT_TARGET = 13.5;
				LD_RUNPATH_SEARCH_PATHS = (
					"$(inherited)",
					"@executable_path/Frameworks",
					"@loader_path/Frameworks",
				);
				PRODUCT_BUNDLE_IDENTIFIER = "com.nyapple.multiple-select-tableTests";
				PRODUCT_NAME = "$(TARGET_NAME)";
				SWIFT_VERSION = 5.0;
				TARGETED_DEVICE_FAMILY = "1,2";
				TEST_HOST = "$(BUILT_PRODUCTS_DIR)/multiple-select-table.app/multiple-select-table";
			};
			name = Debug;
		};
		8E149F73247A6F59004304F9 /* Release */ = {
			isa = XCBuildConfiguration;
			baseConfigurationReference = 37D90F690CF996F1690BB5D8 /* Pods-multiple-select-tableTests.release.xcconfig */;
			buildSettings = {
				ALWAYS_EMBED_SWIFT_STANDARD_LIBRARIES = YES;
				BUNDLE_LOADER = "$(TEST_HOST)";
				CODE_SIGN_STYLE = Automatic;
				DEVELOPMENT_TEAM = PCD3PPCG62;
				INFOPLIST_FILE = "multiple-select-tableTests/Info.plist";
				IPHONEOS_DEPLOYMENT_TARGET = 13.5;
				LD_RUNPATH_SEARCH_PATHS = (
					"$(inherited)",
					"@executable_path/Frameworks",
					"@loader_path/Frameworks",
				);
				PRODUCT_BUNDLE_IDENTIFIER = "com.nyapple.multiple-select-tableTests";
				PRODUCT_NAME = "$(TARGET_NAME)";
				SWIFT_VERSION = 5.0;
				TARGETED_DEVICE_FAMILY = "1,2";
				TEST_HOST = "$(BUILT_PRODUCTS_DIR)/multiple-select-table.app/multiple-select-table";
			};
			name = Release;
		};
		8E149F75247A6F59004304F9 /* Debug */ = {
			isa = XCBuildConfiguration;
			baseConfigurationReference = 75C0F7E027049188A779F099 /* Pods-multiple-select-tableUITests.debug.xcconfig */;
			buildSettings = {
				ALWAYS_EMBED_SWIFT_STANDARD_LIBRARIES = YES;
				CODE_SIGN_STYLE = Automatic;
				DEVELOPMENT_TEAM = PCD3PPCG62;
				INFOPLIST_FILE = "multiple-select-tableUITests/Info.plist";
				LD_RUNPATH_SEARCH_PATHS = (
					"$(inherited)",
					"@executable_path/Frameworks",
					"@loader_path/Frameworks",
				);
				PRODUCT_BUNDLE_IDENTIFIER = "com.nyapple.multiple-select-tableUITests";
				PRODUCT_NAME = "$(TARGET_NAME)";
				SWIFT_VERSION = 5.0;
				TARGETED_DEVICE_FAMILY = "1,2";
				TEST_TARGET_NAME = "multiple-select-table";
			};
			name = Debug;
		};
		8E149F76247A6F59004304F9 /* Release */ = {
			isa = XCBuildConfiguration;
			baseConfigurationReference = 082758757B784D8CDBA0967B /* Pods-multiple-select-tableUITests.release.xcconfig */;
			buildSettings = {
				ALWAYS_EMBED_SWIFT_STANDARD_LIBRARIES = YES;
				CODE_SIGN_STYLE = Automatic;
				DEVELOPMENT_TEAM = PCD3PPCG62;
				INFOPLIST_FILE = "multiple-select-tableUITests/Info.plist";
				LD_RUNPATH_SEARCH_PATHS = (
					"$(inherited)",
					"@executable_path/Frameworks",
					"@loader_path/Frameworks",
				);
				PRODUCT_BUNDLE_IDENTIFIER = "com.nyapple.multiple-select-tableUITests";
				PRODUCT_NAME = "$(TARGET_NAME)";
				SWIFT_VERSION = 5.0;
				TARGETED_DEVICE_FAMILY = "1,2";
				TEST_TARGET_NAME = "multiple-select-table";
			};
			name = Release;
		};
/* End XCBuildConfiguration section */

/* Begin XCConfigurationList section */
		8E149F3F247A6F58004304F9 /* Build configuration list for PBXProject "multiple-select-table" */ = {
			isa = XCConfigurationList;
			buildConfigurations = (
				8E149F6C247A6F59004304F9 /* Debug */,
				8E149F6D247A6F59004304F9 /* Release */,
			);
			defaultConfigurationIsVisible = 0;
			defaultConfigurationName = Release;
		};
		8E149F6E247A6F59004304F9 /* Build configuration list for PBXNativeTarget "multiple-select-table" */ = {
			isa = XCConfigurationList;
			buildConfigurations = (
				8E149F6F247A6F59004304F9 /* Debug */,
				8E149F70247A6F59004304F9 /* Release */,
			);
			defaultConfigurationIsVisible = 0;
			defaultConfigurationName = Release;
		};
		8E149F71247A6F59004304F9 /* Build configuration list for PBXNativeTarget "multiple-select-tableTests" */ = {
			isa = XCConfigurationList;
			buildConfigurations = (
				8E149F72247A6F59004304F9 /* Debug */,
				8E149F73247A6F59004304F9 /* Release */,
			);
			defaultConfigurationIsVisible = 0;
			defaultConfigurationName = Release;
		};
		8E149F74247A6F59004304F9 /* Build configuration list for PBXNativeTarget "multiple-select-tableUITests" */ = {
			isa = XCConfigurationList;
			buildConfigurations = (
				8E149F75247A6F59004304F9 /* Debug */,
				8E149F76247A6F59004304F9 /* Release */,
			);
			defaultConfigurationIsVisible = 0;
			defaultConfigurationName = Release;
		};
/* End XCConfigurationList section */
	};
	rootObject = 8E149F3C247A6F58004304F9 /* Project object */;
}
